---
platform: linux

image_resource:
  type: registry-image
  source:
    repository: docker.robojackets.org/robojackets/((build-image))
    username: ((docker-robojackets-org.username))
    password: ((docker-robojackets-org.password))

inputs:
- name: source

outputs:
- name: source

run:
  path: bash
  dir: source
  args:
  - -e
  - -o
  - pipefail
  - -c
  - >-
      git config --global user.email "69061102+robojackets-concourse[bot]@users.noreply.github.com" &&
      git config --global user.name "robojackets-concourse[bot]"
      && git add composer.lock
      && git commit -m "Fix composer.lock"
