---
platform: linux

image_resource:
  type: registry-image
  source:
    repository: (( join "/" registry.private.hostname "robojackets/php-build" ))
    inject: (( inject registry.private.source ))

inputs:
- name: source

run:
  path: bash
  dir: source
  args:
  - -o
  - pipefail
  - -c
  - >-
      (composer install --dry-run --no-interaction --no-progress
      2>&1 | grep --fixed-strings "outdated"); if [[ "$?" -eq "0" ]]; then
      exit 1; else exit 0; fi
